<?xml version="1.0" encoding="utf-8"?>
<Project ToolsVersion="17.0" xmlns="http://schemas.microsoft.com/developer/msbuild/2003">
  <ItemGroup>
    <Filter Include="CMake Rules">
      <UniqueIdentifier>{CBA068F9-5CEE-35F0-9095-973C73629FF5}</UniqueIdentifier>
    </Filter>
  </ItemGroup>
</Project>
